{
  "name": "vcmp-rs-contract-js",
  "lockfileVersion": 3,
  "requires": true,
  "packages": {
    "": {
      "name": "vcmp-rs-contract-js",
      "dependencies": {
        "@variocube/vcmp": "^4.0.0",
        "@variocube/vcmp-server": "^4.0.0",
        "ws": "^8.18.0"
      }
    },
    "node_modules/@variocube/vcmp": {
      "version": "4.0.0",
      "resolved": "https://registry.npmjs.org/@variocube/vcmp/-/vcmp-4.0.0.tgz",
      "integrity": "sha512-SMBnC3auNVUbr7oXeNCVpvCRDle8hM/G8UYtbIvNOzK1RtL1RhDSISbmfc4Kb+F7wnN3E0zPC2AUO65Zc9nlQw==",
      "license": "MIT"
    },
    "node_modules/@variocube/vcmp-server": {
      "version": "4.0.0",
      "resolved": "https://registry.npmjs.org/@variocube/vcmp-server/-/vcmp-server-4.0.0.tgz",
      "integrity": "sha512-wyn7JUzp3MPsMY+ldu1gdlE56EV5RkwVV0TyH9JHEHKe1I5z8xW8xjxpe+0H8RVlMexRD3yG7dXb62zZwJLupQ==",
      "license": "MIT",
      "dependencies": {
        "@variocube/vcmp": "^4.0.0",
        "ws": "^8.13.0"
      }
    },
    "node_modules/ws": {
      "version": "8.21.3",
      "resolved": "https://registry.npmjs.org/ws/-/ws-8.21.3.tgz",
      "integrity": "sha512-201TZ/kPWxoPr/OKWjquZR1SWKXcvxdH+e1xrx89b3YbmzLMFCLfnaG1HFIgWzJOEWZ7MvpK++odZufgYR50Rw==",
      "license": "MIT",
      "engines": {
        "node": ">=10.0.0"
      },
      "peerDependencies": {
        "bufferutil": "^4.0.1",
        "utf-8-validate": ">=5.0.2"
      },
      "peerDependenciesMeta": {
        "bufferutil": {
          "optional": true
        },
        "utf-8-validate": {
          "optional": true
        }
      }
    }
  }
}
